Microsoft Visual Studio Solution File, Format Version 12.00
# Visual Studio Version 17
VisualStudioVersion = 17.5.2.0
MinimumVisualStudioVersion = 10.0.40219.1
Project("{FAE04EC0-301F-11D3-BF4B-00C04F79EFBC}") = "HotelReservatieApp", "HotelReservatieApp.csproj", "{193EAE22-98D7-8B66-5409-30FB092D6B42}"
EndProject
Global
	GlobalSection(SolutionConfigurationPlatforms) = preSolution
		Debug|Any CPU = Debug|Any CPU
		Release|Any CPU = Release|Any CPU
	EndGlobalSection
	GlobalSection(ProjectConfigurationPlatforms) = postSolution
		{193EAE22-98D7-8B66-5409-30FB092D6B42}.Debug|Any CPU.ActiveCfg = Debug|Any CPU
		{193EAE22-98D7-8B66-5409-30FB092D6B42}.Debug|Any CPU.Build.0 = Debug|Any CPU
		{193EAE22-98D7-8B66-5409-30FB092D6B42}.Release|Any CPU.ActiveCfg = Release|Any CPU
		{193EAE22-98D7-8B66-5409-30FB092D6B42}.Release|Any CPU.Build.0 = Release|Any CPU
	EndGlobalSection
	GlobalSection(SolutionProperties) = preSolution
		HideSolutionNode = FALSE
	EndGlobalSection
	GlobalSection(ExtensibilityGlobals) = postSolution
		SolutionGuid = {E7476874-E4E3-4ADC-880A-3029D1D51700}
	EndGlobalSection
EndGlobal
